
Microsoft Visual Studio Solution File, Format Version 12.00
# Visual Studio Version 17
VisualStudioVersion = 17.10.35027.167
MinimumVisualStudioVersion = 10.0.40219.1
Project("{9A19103F-16F7-4668-BE54-9A1E7A4F7556}") = "Metigator.NumberSystem", "Metigator.NumberSystem\Metigator.NumberSystem.csproj", "{FB502F38-9DE2-4229-BA09-373646A88DFC}"
EndProject
Project("{FAE04EC0-301F-11D3-BF4B-00C04F79EFBC}") = "Metigator.NumberSystem.Tests", "Metigator.NumberSystem.Tests\Metigator.NumberSystem.Tests.csproj", "{8D5956A8-000F-4AA9-9ADB-287EE1AA6A18}"
EndProject
Global
	GlobalSection(SolutionConfigurationPlatforms) = preSolution
		Debug|Any CPU = Debug|Any CPU
		Release|Any CPU = Release|Any CPU
	EndGlobalSection
	GlobalSection(ProjectConfigurationPlatforms) = postSolution
		{FB502F38-9DE2-4229-BA09-373646A88DFC}.Debug|Any CPU.ActiveCfg = Debug|Any CPU
		{FB502F38-9DE2-4229-BA09-373646A88DFC}.Debug|Any CPU.Build.0 = Debug|Any CPU
		{FB502F38-9DE2-4229-BA09-373646A88DFC}.Release|Any CPU.ActiveCfg = Release|Any CPU
		{FB502F38-9DE2-4229-BA09-373646A88DFC}.Release|Any CPU.Build.0 = Release|Any CPU
		{8D5956A8-000F-4AA9-9ADB-287EE1AA6A18}.Debug|Any CPU.ActiveCfg = Debug|Any CPU
		{8D5956A8-000F-4AA9-9ADB-287EE1AA6A18}.Debug|Any CPU.Build.0 = Debug|Any CPU
		{8D5956A8-000F-4AA9-9ADB-287EE1AA6A18}.Release|Any CPU.ActiveCfg = Release|Any CPU
		{8D5956A8-000F-4AA9-9ADB-287EE1AA6A18}.Release|Any CPU.Build.0 = Release|Any CPU
	EndGlobalSection
	GlobalSection(SolutionProperties) = preSolution
		HideSolutionNode = FALSE
	EndGlobalSection
	GlobalSection(ExtensibilityGlobals) = postSolution
		SolutionGuid = {58DF0925-36B6-4155-9602-EF91E0EB0F40}
	EndGlobalSection
EndGlobal
